
Microsoft Visual Studio Solution File, Format Version 12.00
# Visual Studio Version 17
VisualStudioVersion = 17.11.35327.3
MinimumVisualStudioVersion = 10.0.40219.1
Project("{FAE04EC0-301F-11D3-BF4B-00C04F79EFBC}") = "PatternBridge", "PatternBridge.csproj", "{F02019F9-1E3F-419D-B69A-9332F3884315}"
EndProject
Global
	GlobalSection(SolutionConfigurationPlatforms) = preSolution
		Debug|Any CPU = Debug|Any CPU
		Release|Any CPU = Release|Any CPU
	EndGlobalSection
	GlobalSection(ProjectConfigurationPlatforms) = postSolution
		{F02019F9-1E3F-419D-B69A-9332F3884315}.Debug|Any CPU.ActiveCfg = Debug|Any CPU
		{F02019F9-1E3F-419D-B69A-9332F3884315}.Debug|Any CPU.Build.0 = Debug|Any CPU
		{F02019F9-1E3F-419D-B69A-9332F3884315}.Release|Any CPU.ActiveCfg = Release|Any CPU
		{F02019F9-1E3F-419D-B69A-9332F3884315}.Release|Any CPU.Build.0 = Release|Any CPU
	EndGlobalSection
	GlobalSection(SolutionProperties) = preSolution
		HideSolutionNode = FALSE
	EndGlobalSection
	GlobalSection(ExtensibilityGlobals) = postSolution
		SolutionGuid = {3CDFB2F7-B829-457A-86CD-C80FF7319B47}
	EndGlobalSection
EndGlobal
